
Microsoft Visual Studio Solution File, Format Version 12.00
# Visual Studio Version 16
VisualStudioVersion = 16.0.30413.136
MinimumVisualStudioVersion = 10.0.40219.1
Project("{9A19103F-16F7-4668-BE54-9A1E7A4F7556}") = "IdentityServer", "IdentityServer.csproj", "{23C83A44-4290-40FB-AA1D-F25994E79D94}"
EndProject
Global
	GlobalSection(SolutionConfigurationPlatforms) = preSolution
		Debug|Any CPU = Debug|Any CPU
		Release|Any CPU = Release|Any CPU
	EndGlobalSection
	GlobalSection(ProjectConfigurationPlatforms) = postSolution
		{23C83A44-4290-40FB-AA1D-F25994E79D94}.Debug|Any CPU.ActiveCfg = Debug|Any CPU
		{23C83A44-4290-40FB-AA1D-F25994E79D94}.Debug|Any CPU.Build.0 = Debug|Any CPU
		{23C83A44-4290-40FB-AA1D-F25994E79D94}.Release|Any CPU.ActiveCfg = Release|Any CPU
		{23C83A44-4290-40FB-AA1D-F25994E79D94}.Release|Any CPU.Build.0 = Release|Any CPU
	EndGlobalSection
	GlobalSection(SolutionProperties) = preSolution
		HideSolutionNode = FALSE
	EndGlobalSection
	GlobalSection(ExtensibilityGlobals) = postSolution
		SolutionGuid = {6422B301-3AF4-4509-8A33-FD573E56B336}
	EndGlobalSection
EndGlobal
