
Microsoft Visual Studio Solution File, Format Version 12.00
# Visual Studio Version 16
VisualStudioVersion = 16.0.29411.108
MinimumVisualStudioVersion = 10.0.40219.1
Project("{9A19103F-16F7-4668-BE54-9A1E7A4F7556}") = "TodoApi.Model", "TodoApi.Model\TodoApi.Model.csproj", "{E4C1CF44-84C5-4485-A26E-D869EEDC5D7C}"
EndProject
Project("{9A19103F-16F7-4668-BE54-9A1E7A4F7556}") = "TodoApi.Web", "TodoApi.Web\TodoApi.Web.csproj", "{00AAC166-DAE7-466E-8BF7-FCECD05A3BB1}"
EndProject
Project("{9A19103F-16F7-4668-BE54-9A1E7A4F7556}") = "TodoApi.Datasource", "TodoApi.Datasource\TodoApi.Datasource.csproj", "{8CA8A764-36A2-4554-8915-1C98C14CDFBF}"
EndProject
Project("{9A19103F-16F7-4668-BE54-9A1E7A4F7556}") = "TodoApi.Test", "TodoApi.Test\TodoApi.Test.csproj", "{06256C79-A060-4CF3-BF50-2C8CD60C8292}"
EndProject
Project("{9A19103F-16F7-4668-BE54-9A1E7A4F7556}") = "TodoApi.Analytics", "TodoApi.Analytics\TodoApi.Analytics.csproj", "{D68C7639-8CE3-46F3-B973-0A8B4B91B7B9}"
EndProject
Project("{9A19103F-16F7-4668-BE54-9A1E7A4F7556}") = "TodoApi.Logging", "TodoApi.Logging\TodoApi.Logging.csproj", "{C37B835F-F29E-494B-BE69-3D98DA9C4C06}"
EndProject
Project("{9A19103F-16F7-4668-BE54-9A1E7A4F7556}") = "TodoApi.Query.Interface", "TodoApi.Query.Interface\TodoApi.Query.Interface.csproj", "{97486E9E-8D44-4821-B84E-724B3D9EE4E3}"
EndProject
Project("{FAE04EC0-301F-11D3-BF4B-00C04F79EFBC}") = "Identity", "Identity\Identity.csproj", "{0F073FB9-DBEA-4354-A401-F9726AFFCDDA}"
EndProject
Project("{9A19103F-16F7-4668-BE54-9A1E7A4F7556}") = "IdentityServer", "..\LoginService\IdentityServer.csproj", "{C4C5D3BB-266A-42E8-BEC1-1D1410D1125C}"
EndProject
Global
	GlobalSection(SolutionConfigurationPlatforms) = preSolution
		Debug|Any CPU = Debug|Any CPU
		Release|Any CPU = Release|Any CPU
	EndGlobalSection
	GlobalSection(ProjectConfigurationPlatforms) = postSolution
		{E4C1CF44-84C5-4485-A26E-D869EEDC5D7C}.Debug|Any CPU.ActiveCfg = Debug|Any CPU
		{E4C1CF44-84C5-4485-A26E-D869EEDC5D7C}.Debug|Any CPU.Build.0 = Debug|Any CPU
		{E4C1CF44-84C5-4485-A26E-D869EEDC5D7C}.Release|Any CPU.ActiveCfg = Release|Any CPU
		{E4C1CF44-84C5-4485-A26E-D869EEDC5D7C}.Release|Any CPU.Build.0 = Release|Any CPU
		{00AAC166-DAE7-466E-8BF7-FCECD05A3BB1}.Debug|Any CPU.ActiveCfg = Debug|Any CPU
		{00AAC166-DAE7-466E-8BF7-FCECD05A3BB1}.Debug|Any CPU.Build.0 = Debug|Any CPU
		{00AAC166-DAE7-466E-8BF7-FCECD05A3BB1}.Release|Any CPU.ActiveCfg = Release|Any CPU
		{00AAC166-DAE7-466E-8BF7-FCECD05A3BB1}.Release|Any CPU.Build.0 = Release|Any CPU
		{8CA8A764-36A2-4554-8915-1C98C14CDFBF}.Debug|Any CPU.ActiveCfg = Debug|Any CPU
		{8CA8A764-36A2-4554-8915-1C98C14CDFBF}.Debug|Any CPU.Build.0 = Debug|Any CPU
		{8CA8A764-36A2-4554-8915-1C98C14CDFBF}.Release|Any CPU.ActiveCfg = Release|Any CPU
		{8CA8A764-36A2-4554-8915-1C98C14CDFBF}.Release|Any CPU.Build.0 = Release|Any CPU
		{06256C79-A060-4CF3-BF50-2C8CD60C8292}.Debug|Any CPU.ActiveCfg = Debug|Any CPU
		{06256C79-A060-4CF3-BF50-2C8CD60C8292}.Debug|Any CPU.Build.0 = Debug|Any CPU
		{06256C79-A060-4CF3-BF50-2C8CD60C8292}.Release|Any CPU.ActiveCfg = Release|Any CPU
		{06256C79-A060-4CF3-BF50-2C8CD60C8292}.Release|Any CPU.Build.0 = Release|Any CPU
		{D68C7639-8CE3-46F3-B973-0A8B4B91B7B9}.Debug|Any CPU.ActiveCfg = Debug|Any CPU
		{D68C7639-8CE3-46F3-B973-0A8B4B91B7B9}.Debug|Any CPU.Build.0 = Debug|Any CPU
		{D68C7639-8CE3-46F3-B973-0A8B4B91B7B9}.Release|Any CPU.ActiveCfg = Release|Any CPU
		{D68C7639-8CE3-46F3-B973-0A8B4B91B7B9}.Release|Any CPU.Build.0 = Release|Any CPU
		{C37B835F-F29E-494B-BE69-3D98DA9C4C06}.Debug|Any CPU.ActiveCfg = Debug|Any CPU
		{C37B835F-F29E-494B-BE69-3D98DA9C4C06}.Debug|Any CPU.Build.0 = Debug|Any CPU
		{C37B835F-F29E-494B-BE69-3D98DA9C4C06}.Release|Any CPU.ActiveCfg = Release|Any CPU
		{C37B835F-F29E-494B-BE69-3D98DA9C4C06}.Release|Any CPU.Build.0 = Release|Any CPU
		{97486E9E-8D44-4821-B84E-724B3D9EE4E3}.Debug|Any CPU.ActiveCfg = Debug|Any CPU
		{97486E9E-8D44-4821-B84E-724B3D9EE4E3}.Debug|Any CPU.Build.0 = Debug|Any CPU
		{97486E9E-8D44-4821-B84E-724B3D9EE4E3}.Release|Any CPU.ActiveCfg = Release|Any CPU
		{97486E9E-8D44-4821-B84E-724B3D9EE4E3}.Release|Any CPU.Build.0 = Release|Any CPU
		{0F073FB9-DBEA-4354-A401-F9726AFFCDDA}.Debug|Any CPU.ActiveCfg = Debug|Any CPU
		{0F073FB9-DBEA-4354-A401-F9726AFFCDDA}.Debug|Any CPU.Build.0 = Debug|Any CPU
		{0F073FB9-DBEA-4354-A401-F9726AFFCDDA}.Release|Any CPU.ActiveCfg = Release|Any CPU
		{0F073FB9-DBEA-4354-A401-F9726AFFCDDA}.Release|Any CPU.Build.0 = Release|Any CPU
		{C4C5D3BB-266A-42E8-BEC1-1D1410D1125C}.Debug|Any CPU.ActiveCfg = Debug|Any CPU
		{C4C5D3BB-266A-42E8-BEC1-1D1410D1125C}.Debug|Any CPU.Build.0 = Debug|Any CPU
		{C4C5D3BB-266A-42E8-BEC1-1D1410D1125C}.Release|Any CPU.ActiveCfg = Release|Any CPU
		{C4C5D3BB-266A-42E8-BEC1-1D1410D1125C}.Release|Any CPU.Build.0 = Release|Any CPU
	EndGlobalSection
	GlobalSection(SolutionProperties) = preSolution
		HideSolutionNode = FALSE
	EndGlobalSection
	GlobalSection(ExtensibilityGlobals) = postSolution
		SolutionGuid = {779EF1BF-2F99-4C86-B3F9-694B819A17CB}
	EndGlobalSection
EndGlobal
